
Microsoft Visual Studio Solution File, Format Version 12.00
# Visual Studio Version 17
VisualStudioVersion = 17.2.32519.379
MinimumVisualStudioVersion = 10.0.40219.1
Project("{FAE04EC0-301F-11D3-BF4B-00C04F79EFBC}") = "LargeInteger", "LargeInteger\LargeInteger.csproj", "{9F6479B3-3B2A-4126-AF34-B8189AE61277}"
EndProject
Global
	GlobalSection(SolutionConfigurationPlatforms) = preSolution
		Debug|Any CPU = Debug|Any CPU
		Release|Any CPU = Release|Any CPU
	EndGlobalSection
	GlobalSection(ProjectConfigurationPlatforms) = postSolution
		{9F6479B3-3B2A-4126-AF34-B8189AE61277}.Debug|Any CPU.ActiveCfg = Debug|Any CPU
		{9F6479B3-3B2A-4126-AF34-B8189AE61277}.Debug|Any CPU.Build.0 = Debug|Any CPU
		{9F6479B3-3B2A-4126-AF34-B8189AE61277}.Release|Any CPU.ActiveCfg = Release|Any CPU
		{9F6479B3-3B2A-4126-AF34-B8189AE61277}.Release|Any CPU.Build.0 = Release|Any CPU
	EndGlobalSection
	GlobalSection(SolutionProperties) = preSolution
		HideSolutionNode = FALSE
	EndGlobalSection
	GlobalSection(ExtensibilityGlobals) = postSolution
		SolutionGuid = {2AE5E841-672E-4F5F-B6F2-3399126FEC66}
	EndGlobalSection
EndGlobal
